
Microsoft Visual Studio Solution File, Format Version 12.00
# Visual Studio Version 16
VisualStudioVersion = 16.0.31911.196
MinimumVisualStudioVersion = 10.0.40219.1
Project("{FAE04EC0-301F-11D3-BF4B-00C04F79EFBC}") = "Using LINQ", "Using LINQ\Using LINQ.csproj", "{B98AA0DC-0D3A-4A5E-A0C3-06FCBB94EE64}"
EndProject
Global
	GlobalSection(SolutionConfigurationPlatforms) = preSolution
		Debug|Any CPU = Debug|Any CPU
		Release|Any CPU = Release|Any CPU
	EndGlobalSection
	GlobalSection(ProjectConfigurationPlatforms) = postSolution
		{B98AA0DC-0D3A-4A5E-A0C3-06FCBB94EE64}.Debug|Any CPU.ActiveCfg = Debug|Any CPU
		{B98AA0DC-0D3A-4A5E-A0C3-06FCBB94EE64}.Debug|Any CPU.Build.0 = Debug|Any CPU
		{B98AA0DC-0D3A-4A5E-A0C3-06FCBB94EE64}.Release|Any CPU.ActiveCfg = Release|Any CPU
		{B98AA0DC-0D3A-4A5E-A0C3-06FCBB94EE64}.Release|Any CPU.Build.0 = Release|Any CPU
	EndGlobalSection
	GlobalSection(SolutionProperties) = preSolution
		HideSolutionNode = FALSE
	EndGlobalSection
	GlobalSection(ExtensibilityGlobals) = postSolution
		SolutionGuid = {CCF80CC7-8BC3-495D-B106-E5386AB28BB3}
	EndGlobalSection
EndGlobal
